// !$*UTF8*$!
{
	archiveVersion = 1;
	classes = {
	};
	objectVersion = 46;
	objects = {

/* Begin PBXBuildFile section */
		2B103F511C491FD800CDDA7E /* UIKitExtension.swift in Sources */ = {isa = PBXBuildFile; fileRef = 2B103F501C491FD800CDDA7E /* UIKitExtension.swift */; };
		2B200A181C4AA11D00B79502 /* AsyncDownload.swift in Sources */ = {isa = PBXBuildFile; fileRef = 2B200A171C4AA11D00B79502 /* AsyncDownload.swift */; };
		2B5A5EA01C54B3B600875D97 /* LocationModel.swift in Sources */ = {isa = PBXBuildFile; fileRef = 2B5A5E9F1C54B3B600875D97 /* LocationModel.swift */; };
		2B5A5EA21C54B46C00875D97 /* _LocationModel.swift in Sources */ = {isa = PBXBuildFile; fileRef = 2B5A5EA11C54B46C00875D97 /* _LocationModel.swift */; };
		2B72F6BF1C3AD70B00F72899 /* _PdfModel.swift in Sources */ = {isa = PBXBuildFile; fileRef = 2B72F6BE1C3AD70B00F72899 /* _PdfModel.swift */; };
		2B72F6C31C3B0B4600F72899 /* BookCell.swift in Sources */ = {isa = PBXBuildFile; fileRef = 2B72F6C11C3B0B4600F72899 /* BookCell.swift */; };
		2B72F6C41C3B0B4600F72899 /* BookCell.xib in Resources */ = {isa = PBXBuildFile; fileRef = 2B72F6C21C3B0B4600F72899 /* BookCell.xib */; };
		2B7330281C56353800B5730F /* AGTCoreDataCollectionViewController.m in Sources */ = {isa = PBXBuildFile; fileRef = 2B7330271C56353800B5730F /* AGTCoreDataCollectionViewController.m */; };
		2B73302A1C56359900B5730F /* NotesCollectionViewController.swift in Sources */ = {isa = PBXBuildFile; fileRef = 2B7330291C56359900B5730F /* NotesCollectionViewController.swift */; };
		2B7330311C5649CE00B5730F /* NoteCollectionCell.swift in Sources */ = {isa = PBXBuildFile; fileRef = 2B73302F1C5649CE00B5730F /* NoteCollectionCell.swift */; };
		2B7330321C5649CE00B5730F /* NoteCollectionCell.xib in Resources */ = {isa = PBXBuildFile; fileRef = 2B7330301C5649CE00B5730F /* NoteCollectionCell.xib */; };
		2B73DBD11C5A8B0700B732F9 /* UIImage+Resize.m in Sources */ = {isa = PBXBuildFile; fileRef = 2B73DBD01C5A8B0700B732F9 /* UIImage+Resize.m */; };
		2B73DBD61C5A8CF500B732F9 /* UIImage+Alpha.m in Sources */ = {isa = PBXBuildFile; fileRef = 2B73DBD31C5A8CF500B732F9 /* UIImage+Alpha.m */; };
		2B73DBD71C5A8CF500B732F9 /* UIImage+RoundedCorner.m in Sources */ = {isa = PBXBuildFile; fileRef = 2B73DBD51C5A8CF500B732F9 /* UIImage+RoundedCorner.m */; };
		2B9825DB1C33E19E0004F1AE /* AppDelegate.swift in Sources */ = {isa = PBXBuildFile; fileRef = 2B9825DA1C33E19E0004F1AE /* AppDelegate.swift */; };
		2B9825DD1C33E19E0004F1AE /* MasterViewController.swift in Sources */ = {isa = PBXBuildFile; fileRef = 2B9825DC1C33E19E0004F1AE /* MasterViewController.swift */; };
		2B9825DF1C33E19E0004F1AE /* DetailViewController.swift in Sources */ = {isa = PBXBuildFile; fileRef = 2B9825DE1C33E19E0004F1AE /* DetailViewController.swift */; };
		2B9825E21C33E19E0004F1AE /* Main.storyboard in Resources */ = {isa = PBXBuildFile; fileRef = 2B9825E01C33E19E0004F1AE /* Main.storyboard */; };
		2B9825E41C33E19E0004F1AE /* Assets.xcassets in Resources */ = {isa = PBXBuildFile; fileRef = 2B9825E31C33E19E0004F1AE /* Assets.xcassets */; };
		2B9825E71C33E19E0004F1AE /* LaunchScreen.storyboard in Resources */ = {isa = PBXBuildFile; fileRef = 2B9825E51C33E19E0004F1AE /* LaunchScreen.storyboard */; };
		2B9825F41C33E5930004F1AE /* Hacker.xcdatamodeld in Sources */ = {isa = PBXBuildFile; fileRef = 2B9825F21C33E5930004F1AE /* Hacker.xcdatamodeld */; };
		2BAA38821C58270D00A8D3DD /* NoteController.swift in Sources */ = {isa = PBXBuildFile; fileRef = 2BAA38801C58270D00A8D3DD /* NoteController.swift */; };
		2BAA38831C58270D00A8D3DD /* NoteController.xib in Resources */ = {isa = PBXBuildFile; fileRef = 2BAA38811C58270D00A8D3DD /* NoteController.xib */; };
		2BAA38861C5838EC00A8D3DD /* PhotoController.swift in Sources */ = {isa = PBXBuildFile; fileRef = 2BAA38841C5838EC00A8D3DD /* PhotoController.swift */; };
		2BAA38871C5838EC00A8D3DD /* PhotoController.xib in Resources */ = {isa = PBXBuildFile; fileRef = 2BAA38851C5838EC00A8D3DD /* PhotoController.xib */; };
		2BB1E0F51C58C0F7004CF271 /* emptyPic.jpg in Resources */ = {isa = PBXBuildFile; fileRef = 2BB1E0F41C58C0F7004CF271 /* emptyPic.jpg */; };
		2BCB7B5F1C37BF23008D4CBA /* Book.swift in Sources */ = {isa = PBXBuildFile; fileRef = 2BCB7B5E1C37BF23008D4CBA /* Book.swift */; };
		2BCB7B611C37DC98008D4CBA /* JSONProcessing.swift in Sources */ = {isa = PBXBuildFile; fileRef = 2BCB7B601C37DC98008D4CBA /* JSONProcessing.swift */; };
		2BCB7B641C37EBF8008D4CBA /* AGTCoreDataTableViewController.m in Sources */ = {isa = PBXBuildFile; fileRef = 2BCB7B631C37EBF8008D4CBA /* AGTCoreDataTableViewController.m */; };
		2BDCCEC31C33F8F4009C4F25 /* BookModel.swift in Sources */ = {isa = PBXBuildFile; fileRef = 2BDCCEC21C33F8F4009C4F25 /* BookModel.swift */; };
		2BDCCEC71C33FB29009C4F25 /* AGTSimpleCoreDataStack.m in Sources */ = {isa = PBXBuildFile; fileRef = 2BDCCEC61C33FB29009C4F25 /* AGTSimpleCoreDataStack.m */; };
		2BDCCECB1C3419A6009C4F25 /* AuthorModel.swift in Sources */ = {isa = PBXBuildFile; fileRef = 2BDCCECA1C3419A6009C4F25 /* AuthorModel.swift */; };
		2BDCCECD1C3419CD009C4F25 /* PdfModel.swift in Sources */ = {isa = PBXBuildFile; fileRef = 2BDCCECC1C3419CD009C4F25 /* PdfModel.swift */; };
		2BDCCECF1C3419EE009C4F25 /* PhotoModel.swift in Sources */ = {isa = PBXBuildFile; fileRef = 2BDCCECE1C3419EE009C4F25 /* PhotoModel.swift */; };
		2BDCCEE01C352E38009C4F25 /* Defines.swift in Sources */ = {isa = PBXBuildFile; fileRef = 2BDCCEDF1C352E38009C4F25 /* Defines.swift */; };
		2BDEEB801C499F5E00C89B31 /* PdfView.swift in Sources */ = {isa = PBXBuildFile; fileRef = 2BDEEB7F1C499F5E00C89B31 /* PdfView.swift */; };
		2BE083B71C3A8CC400E17827 /* _AnnotationModel.swift in Sources */ = {isa = PBXBuildFile; fileRef = 2BE083B41C3A8CC400E17827 /* _AnnotationModel.swift */; };
		2BE083B81C3A8CC400E17827 /* _CoverModel.swift in Sources */ = {isa = PBXBuildFile; fileRef = 2BE083B51C3A8CC400E17827 /* _CoverModel.swift */; };
		2BE083B91C3A8CC400E17827 /* _PhotoModel.swift in Sources */ = {isa = PBXBuildFile; fileRef = 2BE083B61C3A8CC400E17827 /* _PhotoModel.swift */; };
		2BE083BC1C3A8CD400E17827 /* AnnotationModel.swift in Sources */ = {isa = PBXBuildFile; fileRef = 2BE083BA1C3A8CD400E17827 /* AnnotationModel.swift */; };
		2BE083BD1C3A8CD400E17827 /* CoverModel.swift in Sources */ = {isa = PBXBuildFile; fileRef = 2BE083BB1C3A8CD400E17827 /* CoverModel.swift */; };
		2BE2A2B01C3918FF0025EE94 /* _AuthorModel.swift in Sources */ = {isa = PBXBuildFile; fileRef = 2BE2A2AE1C3918FF0025EE94 /* _AuthorModel.swift */; };
		2BE2A2B11C3918FF0025EE94 /* _BookModel.swift in Sources */ = {isa = PBXBuildFile; fileRef = 2BE2A2AF1C3918FF0025EE94 /* _BookModel.swift */; };
		2BE2A2B51C3930260025EE94 /* TagModel.swift in Sources */ = {isa = PBXBuildFile; fileRef = 2BE2A2B41C3930260025EE94 /* TagModel.swift */; };
		2BE2A2B71C39309D0025EE94 /* _TagModel.swift in Sources */ = {isa = PBXBuildFile; fileRef = 2BE2A2B61C39309D0025EE94 /* _TagModel.swift */; };
		2BE50FDE1C479D1700F8B99C /* placeholder.png in Resources */ = {isa = PBXBuildFile; fileRef = 2BE50FDD1C479D1700F8B99C /* placeholder.png */; };
		2BE9FB281C5B8DBA000113DF /* _BookTagModel.swift in Sources */ = {isa = PBXBuildFile; fileRef = 2BE9FB271C5B8DBA000113DF /* _BookTagModel.swift */; };
		2BE9FB2A1C5B8DCA000113DF /* BookTagModel.swift in Sources */ = {isa = PBXBuildFile; fileRef = 2BE9FB291C5B8DCA000113DF /* BookTagModel.swift */; };
/* End PBXBuildFile section */

/* Begin PBXFileReference section */
		2B103F501C491FD800CDDA7E /* UIKitExtension.swift */ = {isa = PBXFileReference; fileEncoding = 4; lastKnownFileType = sourcecode.swift; name = UIKitExtension.swift; path = Frameworks/UIKitExtension.swift; sourceTree = "<group>"; };
		2B200A171C4AA11D00B79502 /* AsyncDownload.swift */ = {isa = PBXFileReference; fileEncoding = 4; lastKnownFileType = sourcecode.swift; name = AsyncDownload.swift; path = Utils/AsyncDownload.swift; sourceTree = "<group>"; };
		2B5A5E9F1C54B3B600875D97 /* LocationModel.swift */ = {isa = PBXFileReference; fileEncoding = 4; lastKnownFileType = sourcecode.swift; name = LocationModel.swift; path = Model/LocationModel.swift; sourceTree = "<group>"; };
		2B5A5EA11C54B46C00875D97 /* _LocationModel.swift */ = {isa = PBXFileReference; fileEncoding = 4; lastKnownFileType = sourcecode.swift; name = _LocationModel.swift; path = Model/_LocationModel.swift; sourceTree = "<group>"; };
		2B72F6BE1C3AD70B00F72899 /* _PdfModel.swift */ = {isa = PBXFileReference; fileEncoding = 4; lastKnownFileType = sourcecode.swift; name = _PdfModel.swift; path = Model/_PdfModel.swift; sourceTree = "<group>"; };
		2B72F6C11C3B0B4600F72899 /* BookCell.swift */ = {isa = PBXFileReference; fileEncoding = 4; lastKnownFileType = sourcecode.swift; name = BookCell.swift; path = Cell/BookCell.swift; sourceTree = "<group>"; };
		2B72F6C21C3B0B4600F72899 /* BookCell.xib */ = {isa = PBXFileReference; fileEncoding = 4; lastKnownFileType = file.xib; name = BookCell.xib; path = Cell/BookCell.xib; sourceTree = "<group>"; };
		2B7330261C56353800B5730F /* AGTCoreDataCollectionViewController.h */ = {isa = PBXFileReference; fileEncoding = 4; lastKnownFileType = sourcecode.c.h; name = AGTCoreDataCollectionViewController.h; path = Model/AGTCoreDataCollectionViewController.h; sourceTree = "<group>"; };
		2B7330271C56353800B5730F /* AGTCoreDataCollectionViewController.m */ = {isa = PBXFileReference; fileEncoding = 4; lastKnownFileType = sourcecode.c.objc; name = AGTCoreDataCollectionViewController.m; path = Model/AGTCoreDataCollectionViewController.m; sourceTree = "<group>"; };
		2B7330291C56359900B5730F /* NotesCollectionViewController.swift */ = {isa = PBXFileReference; fileEncoding = 4; lastKnownFileType = sourcecode.swift; name = NotesCollectionViewController.swift; path = Controllers/NotesCollectionViewController.swift; sourceTree = "<group>"; };
		2B73302F1C5649CE00B5730F /* NoteCollectionCell.swift */ = {isa = PBXFileReference; fileEncoding = 4; lastKnownFileType = sourcecode.swift; name = NoteCollectionCell.swift; path = Cell/NoteCollectionCell.swift; sourceTree = "<group>"; };
		2B7330301C5649CE00B5730F /* NoteCollectionCell.xib */ = {isa = PBXFileReference; fileEncoding = 4; lastKnownFileType = file.xib; name = NoteCollectionCell.xib; path = Cell/NoteCollectionCell.xib; sourceTree = "<group>"; };
		2B73DBCF1C5A8B0700B732F9 /* UIImage+Resize.h */ = {isa = PBXFileReference; fileEncoding = 4; lastKnownFileType = sourcecode.c.h; name = "UIImage+Resize.h"; path = "Utils/UIImage+Resize.h"; sourceTree = "<group>"; };
		2B73DBD01C5A8B0700B732F9 /* UIImage+Resize.m */ = {isa = PBXFileReference; fileEncoding = 4; lastKnownFileType = sourcecode.c.objc; name = "UIImage+Resize.m"; path = "Utils/UIImage+Resize.m"; sourceTree = "<group>"; };
		2B73DBD21C5A8CF500B732F9 /* UIImage+Alpha.h */ = {isa = PBXFileReference; fileEncoding = 4; lastKnownFileType = sourcecode.c.h; name = "UIImage+Alpha.h"; path = "Utils/UIImage+Alpha.h"; sourceTree = "<group>"; };
		2B73DBD31C5A8CF500B732F9 /* UIImage+Alpha.m */ = {isa = PBXFileReference; fileEncoding = 4; lastKnownFileType = sourcecode.c.objc; name = "UIImage+Alpha.m"; path = "Utils/UIImage+Alpha.m"; sourceTree = "<group>"; };
		2B73DBD41C5A8CF500B732F9 /* UIImage+RoundedCorner.h */ = {isa = PBXFileReference; fileEncoding = 4; lastKnownFileType = sourcecode.c.h; name = "UIImage+RoundedCorner.h"; path = "Utils/UIImage+RoundedCorner.h"; sourceTree = "<group>"; };
		2B73DBD51C5A8CF500B732F9 /* UIImage+RoundedCorner.m */ = {isa = PBXFileReference; fileEncoding = 4; lastKnownFileType = sourcecode.c.objc; name = "UIImage+RoundedCorner.m"; path = "Utils/UIImage+RoundedCorner.m"; sourceTree = "<group>"; };
		2B9825D71C33E19D0004F1AE /* HackerBookPro.app */ = {isa = PBXFileReference; explicitFileType = wrapper.application; includeInIndex = 0; path = HackerBookPro.app; sourceTree = BUILT_PRODUCTS_DIR; };
		2B9825DA1C33E19E0004F1AE /* AppDelegate.swift */ = {isa = PBXFileReference; lastKnownFileType = sourcecode.swift; path = AppDelegate.swift; sourceTree = "<group>"; };
		2B9825DC1C33E19E0004F1AE /* MasterViewController.swift */ = {isa = PBXFileReference; lastKnownFileType = sourcecode.swift; name = MasterViewController.swift; path = Controllers/MasterViewController.swift; sourceTree = "<group>"; };
		2B9825DE1C33E19E0004F1AE /* DetailViewController.swift */ = {isa = PBXFileReference; lastKnownFileType = sourcecode.swift; name = DetailViewController.swift; path = Controllers/DetailViewController.swift; sourceTree = "<group>"; };
		2B9825E11C33E19E0004F1AE /* Base */ = {isa = PBXFileReference; lastKnownFileType = file.storyboard; name = Base; path = Base.lproj/Main.storyboard; sourceTree = "<group>"; };
		2B9825E31C33E19E0004F1AE /* Assets.xcassets */ = {isa = PBXFileReference; lastKnownFileType = folder.assetcatalog; path = Assets.xcassets; sourceTree = "<group>"; };
		2B9825E61C33E19E0004F1AE /* Base */ = {isa = PBXFileReference; lastKnownFileType = file.storyboard; name = Base; path = Base.lproj/LaunchScreen.storyboard; sourceTree = "<group>"; };
		2B9825E81C33E19E0004F1AE /* Info.plist */ = {isa = PBXFileReference; lastKnownFileType = text.plist.xml; path = Info.plist; sourceTree = "<group>"; };
		2B9825F31C33E5930004F1AE /* Hacker.xcdatamodel */ = {isa = PBXFileReference; lastKnownFileType = wrapper.xcdatamodel; path = Hacker.xcdatamodel; sourceTree = "<group>"; };
		2BAA38801C58270D00A8D3DD /* NoteController.swift */ = {isa = PBXFileReference; fileEncoding = 4; lastKnownFileType = sourcecode.swift; name = NoteController.swift; path = Controllers/NoteController.swift; sourceTree = "<group>"; };
		2BAA38811C58270D00A8D3DD /* NoteController.xib */ = {isa = PBXFileReference; fileEncoding = 4; lastKnownFileType = file.xib; name = NoteController.xib; path = Controllers/NoteController.xib; sourceTree = "<group>"; };
		2BAA38841C5838EC00A8D3DD /* PhotoController.swift */ = {isa = PBXFileReference; fileEncoding = 4; lastKnownFileType = sourcecode.swift; name = PhotoController.swift; path = Controllers/PhotoController.swift; sourceTree = "<group>"; };
		2BAA38851C5838EC00A8D3DD /* PhotoController.xib */ = {isa = PBXFileReference; fileEncoding = 4; lastKnownFileType = file.xib; name = PhotoController.xib; path = Controllers/PhotoController.xib; sourceTree = "<group>"; };
		2BB1E0F41C58C0F7004CF271 /* emptyPic.jpg */ = {isa = PBXFileReference; lastKnownFileType = image.jpeg; path = emptyPic.jpg; sourceTree = "<group>"; };
		2BCB7B5E1C37BF23008D4CBA /* Book.swift */ = {isa = PBXFileReference; fileEncoding = 4; lastKnownFileType = sourcecode.swift; name = Book.swift; path = Model/Book.swift; sourceTree = "<group>"; };
		2BCB7B601C37DC98008D4CBA /* JSONProcessing.swift */ = {isa = PBXFileReference; fileEncoding = 4; lastKnownFileType = sourcecode.swift; name = JSONProcessing.swift; path = Model/JSONProcessing.swift; sourceTree = "<group>"; };
		2BCB7B621C37EBF8008D4CBA /* AGTCoreDataTableViewController.h */ = {isa = PBXFileReference; fileEncoding = 4; lastKnownFileType = sourcecode.c.h; name = AGTCoreDataTableViewController.h; path = Model/AGTCoreDataTableViewController.h; sourceTree = "<group>"; };
		2BCB7B631C37EBF8008D4CBA /* AGTCoreDataTableViewController.m */ = {isa = PBXFileReference; fileEncoding = 4; lastKnownFileType = sourcecode.c.objc; name = AGTCoreDataTableViewController.m; path = Model/AGTCoreDataTableViewController.m; sourceTree = "<group>"; };
		2BDCCEC21C33F8F4009C4F25 /* BookModel.swift */ = {isa = PBXFileReference; fileEncoding = 4; lastKnownFileType = sourcecode.swift; name = BookModel.swift; path = Model/BookModel.swift; sourceTree = "<group>"; };
		2BDCCEC41C33FB28009C4F25 /* HackerBookPro-Bridging-Header.h */ = {isa = PBXFileReference; lastKnownFileType = sourcecode.c.h; path = "HackerBookPro-Bridging-Header.h"; sourceTree = "<group>"; };
		2BDCCEC51C33FB29009C4F25 /* AGTSimpleCoreDataStack.h */ = {isa = PBXFileReference; fileEncoding = 4; lastKnownFileType = sourcecode.c.h; name = AGTSimpleCoreDataStack.h; path = Model/AGTSimpleCoreDataStack.h; sourceTree = "<group>"; };
		2BDCCEC61C33FB29009C4F25 /* AGTSimpleCoreDataStack.m */ = {isa = PBXFileReference; fileEncoding = 4; lastKnownFileType = sourcecode.c.objc; name = AGTSimpleCoreDataStack.m; path = Model/AGTSimpleCoreDataStack.m; sourceTree = "<group>"; };
		2BDCCECA1C3419A6009C4F25 /* AuthorModel.swift */ = {isa = PBXFileReference; fileEncoding = 4; lastKnownFileType = sourcecode.swift; name = AuthorModel.swift; path = Model/AuthorModel.swift; sourceTree = "<group>"; };
		2BDCCECC1C3419CD009C4F25 /* PdfModel.swift */ = {isa = PBXFileReference; fileEncoding = 4; lastKnownFileType = sourcecode.swift; name = PdfModel.swift; path = Model/PdfModel.swift; sourceTree = "<group>"; };
		2BDCCECE1C3419EE009C4F25 /* PhotoModel.swift */ = {isa = PBXFileReference; fileEncoding = 4; lastKnownFileType = sourcecode.swift; name = PhotoModel.swift; path = Model/PhotoModel.swift; sourceTree = "<group>"; };
		2BDCCEDF1C352E38009C4F25 /* Defines.swift */ = {isa = PBXFileReference; fileEncoding = 4; lastKnownFileType = sourcecode.swift; name = Defines.swift; path = Utils/Defines.swift; sourceTree = "<group>"; };
		2BDEEB7F1C499F5E00C89B31 /* PdfView.swift */ = {isa = PBXFileReference; fileEncoding = 4; lastKnownFileType = sourcecode.swift; name = PdfView.swift; path = Controllers/PdfView.swift; sourceTree = "<group>"; };
		2BE083B41C3A8CC400E17827 /* _AnnotationModel.swift */ = {isa = PBXFileReference; fileEncoding = 4; lastKnownFileType = sourcecode.swift; name = _AnnotationModel.swift; path = Model/_AnnotationModel.swift; sourceTree = "<group>"; };
		2BE083B51C3A8CC400E17827 /* _CoverModel.swift */ = {isa = PBXFileReference; fileEncoding = 4; lastKnownFileType = sourcecode.swift; name = _CoverModel.swift; path = Model/_CoverModel.swift; sourceTree = "<group>"; };
		2BE083B61C3A8CC400E17827 /* _PhotoModel.swift */ = {isa = PBXFileReference; fileEncoding = 4; lastKnownFileType = sourcecode.swift; name = _PhotoModel.swift; path = Model/_PhotoModel.swift; sourceTree = "<group>"; };
		2BE083BA1C3A8CD400E17827 /* AnnotationModel.swift */ = {isa = PBXFileReference; fileEncoding = 4; lastKnownFileType = sourcecode.swift; name = AnnotationModel.swift; path = Model/AnnotationModel.swift; sourceTree = "<group>"; };
		2BE083BB1C3A8CD400E17827 /* CoverModel.swift */ = {isa = PBXFileReference; fileEncoding = 4; lastKnownFileType = sourcecode.swift; name = CoverModel.swift; path = Model/CoverModel.swift; sourceTree = "<group>"; };
		2BE2A2AE1C3918FF0025EE94 /* _AuthorModel.swift */ = {isa = PBXFileReference; fileEncoding = 4; lastKnownFileType = sourcecode.swift; name = _AuthorModel.swift; path = Model/_AuthorModel.swift; sourceTree = "<group>"; };
		2BE2A2AF1C3918FF0025EE94 /* _BookModel.swift */ = {isa = PBXFileReference; fileEncoding = 4; lastKnownFileType = sourcecode.swift; name = _BookModel.swift; path = Model/_BookModel.swift; sourceTree = "<group>"; };
		2BE2A2B41C3930260025EE94 /* TagModel.swift */ = {isa = PBXFileReference; fileEncoding = 4; lastKnownFileType = sourcecode.swift; name = TagModel.swift; path = Model/TagModel.swift; sourceTree = "<group>"; };
		2BE2A2B61C39309D0025EE94 /* _TagModel.swift */ = {isa = PBXFileReference; fileEncoding = 4; lastKnownFileType = sourcecode.swift; name = _TagModel.swift; path = Model/_TagModel.swift; sourceTree = "<group>"; };
		2BE50FDD1C479D1700F8B99C /* placeholder.png */ = {isa = PBXFileReference; lastKnownFileType = image.png; name = placeholder.png; path = Resources/placeholder.png; sourceTree = "<group>"; };
		2BE9FB271C5B8DBA000113DF /* _BookTagModel.swift */ = {isa = PBXFileReference; fileEncoding = 4; lastKnownFileType = sourcecode.swift; name = _BookTagModel.swift; path = Model/_BookTagModel.swift; sourceTree = "<group>"; };
		2BE9FB291C5B8DCA000113DF /* BookTagModel.swift */ = {isa = PBXFileReference; fileEncoding = 4; lastKnownFileType = sourcecode.swift; name = BookTagModel.swift; path = Model/BookTagModel.swift; sourceTree = "<group>"; };
/* End PBXFileReference section */

/* Begin PBXFrameworksBuildPhase section */
		2B9825D41C33E19D0004F1AE /* Frameworks */ = {
			isa = PBXFrameworksBuildPhase;
			buildActionMask = 2147483647;
			files = (
			);
			runOnlyForDeploymentPostprocessing = 0;
		};
/* End PBXFrameworksBuildPhase section */

/* Begin PBXGroup section */
		2B103F4F1C491F9800CDDA7E /* Frameworks */ = {
			isa = PBXGroup;
			children = (
				2B103F501C491FD800CDDA7E /* UIKitExtension.swift */,
			);
			name = Frameworks;
			sourceTree = "<group>";
		};
		2B72F6C01C3B0AEE00F72899 /* Cell */ = {
			isa = PBXGroup;
			children = (
				2B72F6C11C3B0B4600F72899 /* BookCell.swift */,
				2B72F6C21C3B0B4600F72899 /* BookCell.xib */,
				2B73302F1C5649CE00B5730F /* NoteCollectionCell.swift */,
				2B7330301C5649CE00B5730F /* NoteCollectionCell.xib */,
			);
			name = Cell;
			sourceTree = "<group>";
		};
		2B9825CE1C33E19D0004F1AE = {
			isa = PBXGroup;
			children = (
				2B9825D91C33E19E0004F1AE /* HackerBookPro */,
				2B9825D81C33E19D0004F1AE /* Products */,
			);
			sourceTree = "<group>";
		};
		2B9825D81C33E19D0004F1AE /* Products */ = {
			isa = PBXGroup;
			children = (
				2B9825D71C33E19D0004F1AE /* HackerBookPro.app */,
			);
			name = Products;
			sourceTree = "<group>";
		};
		2B9825D91C33E19E0004F1AE /* HackerBookPro */ = {
			isa = PBXGroup;
			children = (
				2B9825DA1C33E19E0004F1AE /* AppDelegate.swift */,
				2BDCCEC41C33FB28009C4F25 /* HackerBookPro-Bridging-Header.h */,
				2B9825F51C33E5B50004F1AE /* Controllers */,
				2BDCCEC11C33F323009C4F25 /* Model */,
				2B72F6C01C3B0AEE00F72899 /* Cell */,
				2B9825F11C33E5670004F1AE /* CoreData */,
				2BDCCEDE1C352E11009C4F25 /* Util */,
				2BE50FDC1C479CA900F8B99C /* Resources */,
				2B9825E01C33E19E0004F1AE /* Main.storyboard */,
				2B9825E31C33E19E0004F1AE /* Assets.xcassets */,
				2B9825E51C33E19E0004F1AE /* LaunchScreen.storyboard */,
				2B9825E81C33E19E0004F1AE /* Info.plist */,
				2B103F4F1C491F9800CDDA7E /* Frameworks */,
			);
			path = HackerBookPro;
			sourceTree = "<group>";
		};
		2B9825F11C33E5670004F1AE /* CoreData */ = {
			isa = PBXGroup;
			children = (
				2BE9FB271C5B8DBA000113DF /* _BookTagModel.swift */,
				2B5A5EA11C54B46C00875D97 /* _LocationModel.swift */,
				2B72F6BE1C3AD70B00F72899 /* _PdfModel.swift */,
				2BE083B41C3A8CC400E17827 /* _AnnotationModel.swift */,
				2BE083B51C3A8CC400E17827 /* _CoverModel.swift */,
				2BE083B61C3A8CC400E17827 /* _PhotoModel.swift */,
				2BE2A2AE1C3918FF0025EE94 /* _AuthorModel.swift */,
				2BE2A2AF1C3918FF0025EE94 /* _BookModel.swift */,
				2BE2A2B61C39309D0025EE94 /* _TagModel.swift */,
				2B7330261C56353800B5730F /* AGTCoreDataCollectionViewController.h */,
				2B7330271C56353800B5730F /* AGTCoreDataCollectionViewController.m */,
				2BCB7B621C37EBF8008D4CBA /* AGTCoreDataTableViewController.h */,
				2BCB7B631C37EBF8008D4CBA /* AGTCoreDataTableViewController.m */,
				2BDCCEC51C33FB29009C4F25 /* AGTSimpleCoreDataStack.h */,
				2BDCCEC61C33FB29009C4F25 /* AGTSimpleCoreDataStack.m */,
				2B9825F21C33E5930004F1AE /* Hacker.xcdatamodeld */,
			);
			name = CoreData;
			sourceTree = "<group>";
		};
		2B9825F51C33E5B50004F1AE /* Controllers */ = {
			isa = PBXGroup;
			children = (
				2B9825DC1C33E19E0004F1AE /* MasterViewController.swift */,
				2B9825DE1C33E19E0004F1AE /* DetailViewController.swift */,
				2B7330291C56359900B5730F /* NotesCollectionViewController.swift */,
				2BDEEB7F1C499F5E00C89B31 /* PdfView.swift */,
				2BAA38801C58270D00A8D3DD /* NoteController.swift */,
				2BAA38811C58270D00A8D3DD /* NoteController.xib */,
				2BAA38841C5838EC00A8D3DD /* PhotoController.swift */,
				2BAA38851C5838EC00A8D3DD /* PhotoController.xib */,
			);
			name = Controllers;
			sourceTree = "<group>";
		};
		2BDCCEC11C33F323009C4F25 /* Model */ = {
			isa = PBXGroup;
			children = (
				2BE9FB291C5B8DCA000113DF /* BookTagModel.swift */,
				2BE083BA1C3A8CD400E17827 /* AnnotationModel.swift */,
				2BE083BB1C3A8CD400E17827 /* CoverModel.swift */,
				2BE2A2B41C3930260025EE94 /* TagModel.swift */,
				2BDCCECA1C3419A6009C4F25 /* AuthorModel.swift */,
				2BDCCEC21C33F8F4009C4F25 /* BookModel.swift */,
				2BDCCECC1C3419CD009C4F25 /* PdfModel.swift */,
				2BDCCECE1C3419EE009C4F25 /* PhotoModel.swift */,
				2B5A5E9F1C54B3B600875D97 /* LocationModel.swift */,
				2BCB7B5E1C37BF23008D4CBA /* Book.swift */,
				2BCB7B601C37DC98008D4CBA /* JSONProcessing.swift */,
			);
			name = Model;
			sourceTree = "<group>";
		};
		2BDCCEDE1C352E11009C4F25 /* Util */ = {
			isa = PBXGroup;
			children = (
				2BDCCEDF1C352E38009C4F25 /* Defines.swift */,
				2B200A171C4AA11D00B79502 /* AsyncDownload.swift */,
				2B73DBD21C5A8CF500B732F9 /* UIImage+Alpha.h */,
				2B73DBD31C5A8CF500B732F9 /* UIImage+Alpha.m */,
				2B73DBD41C5A8CF500B732F9 /* UIImage+RoundedCorner.h */,
				2B73DBD51C5A8CF500B732F9 /* UIImage+RoundedCorner.m */,
				2B73DBCF1C5A8B0700B732F9 /* UIImage+Resize.h */,
				2B73DBD01C5A8B0700B732F9 /* UIImage+Resize.m */,
			);
			name = Util;
			sourceTree = "<group>";
		};
		2BE50FDC1C479CA900F8B99C /* Resources */ = {
			isa = PBXGroup;
			children = (
				2BE50FDD1C479D1700F8B99C /* placeholder.png */,
				2BB1E0F41C58C0F7004CF271 /* emptyPic.jpg */,
			);
			name = Resources;
			sourceTree = "<group>";
		};
/* End PBXGroup section */

/* Begin PBXNativeTarget section */
		2B9825D61C33E19D0004F1AE /* HackerBookPro */ = {
			isa = PBXNativeTarget;
			buildConfigurationList = 2B9825EB1C33E19E0004F1AE /* Build configuration list for PBXNativeTarget "HackerBookPro" */;
			buildPhases = (
				2B9825D31C33E19D0004F1AE /* Sources */,
				2B9825D41C33E19D0004F1AE /* Frameworks */,
				2B9825D51C33E19D0004F1AE /* Resources */,
			);
			buildRules = (
			);
			dependencies = (
			);
			name = HackerBookPro;
			productName = HackerBookPro;
			productReference = 2B9825D71C33E19D0004F1AE /* HackerBookPro.app */;
			productType = "com.apple.product-type.application";
		};
/* End PBXNativeTarget section */

/* Begin PBXProject section */
		2B9825CF1C33E19D0004F1AE /* Project object */ = {
			isa = PBXProject;
			attributes = {
				LastSwiftUpdateCheck = 0720;
				LastUpgradeCheck = 0720;
				ORGANIZATIONNAME = "Nicatec Software";
				TargetAttributes = {
					2B9825D61C33E19D0004F1AE = {
						CreatedOnToolsVersion = 7.2;
						SystemCapabilities = {
							com.apple.BackgroundModes = {
								enabled = 1;
							};
							com.apple.Maps.iOS = {
								enabled = 0;
							};
						};
					};
				};
			};
			buildConfigurationList = 2B9825D21C33E19D0004F1AE /* Build configuration list for PBXProject "HackerBookPro" */;
			compatibilityVersion = "Xcode 3.2";
			developmentRegion = English;
			hasScannedForEncodings = 0;
			knownRegions = (
				en,
				Base,
			);
			mainGroup = 2B9825CE1C33E19D0004F1AE;
			productRefGroup = 2B9825D81C33E19D0004F1AE /* Products */;
			projectDirPath = "";
			projectRoot = "";
			targets = (
				2B9825D61C33E19D0004F1AE /* HackerBookPro */,
			);
		};
/* End PBXProject section */

/* Begin PBXResourcesBuildPhase section */
		2B9825D51C33E19D0004F1AE /* Resources */ = {
			isa = PBXResourcesBuildPhase;
			buildActionMask = 2147483647;
			files = (
				2B72F6C41C3B0B4600F72899 /* BookCell.xib in Resources */,
				2B9825E71C33E19E0004F1AE /* LaunchScreen.storyboard in Resources */,
				2BAA38871C5838EC00A8D3DD /* PhotoController.xib in Resources */,
				2BB1E0F51C58C0F7004CF271 /* emptyPic.jpg in Resources */,
				2B9825E41C33E19E0004F1AE /* Assets.xcassets in Resources */,
				2B7330321C5649CE00B5730F /* NoteCollectionCell.xib in Resources */,
				2BE50FDE1C479D1700F8B99C /* placeholder.png in Resources */,
				2BAA38831C58270D00A8D3DD /* NoteController.xib in Resources */,
				2B9825E21C33E19E0004F1AE /* Main.storyboard in Resources */,
			);
			runOnlyForDeploymentPostprocessing = 0;
		};
/* End PBXResourcesBuildPhase section */

/* Begin PBXSourcesBuildPhase section */
		2B9825D31C33E19D0004F1AE /* Sources */ = {
			isa = PBXSourcesBuildPhase;
			buildActionMask = 2147483647;
			files = (
				2BE2A2B51C3930260025EE94 /* TagModel.swift in Sources */,
				2BE2A2B01C3918FF0025EE94 /* _AuthorModel.swift in Sources */,
				2BDCCECB1C3419A6009C4F25 /* AuthorModel.swift in Sources */,
				2B73DBD71C5A8CF500B732F9 /* UIImage+RoundedCorner.m in Sources */,
				2BE9FB2A1C5B8DCA000113DF /* BookTagModel.swift in Sources */,
				2B103F511C491FD800CDDA7E /* UIKitExtension.swift in Sources */,
				2BAA38821C58270D00A8D3DD /* NoteController.swift in Sources */,
				2BE083BD1C3A8CD400E17827 /* CoverModel.swift in Sources */,
				2BCB7B641C37EBF8008D4CBA /* AGTCoreDataTableViewController.m in Sources */,
				2BE083B81C3A8CC400E17827 /* _CoverModel.swift in Sources */,
				2BE2A2B71C39309D0025EE94 /* _TagModel.swift in Sources */,
				2BCB7B5F1C37BF23008D4CBA /* Book.swift in Sources */,
				2BDCCEC31C33F8F4009C4F25 /* BookModel.swift in Sources */,
				2B9825DF1C33E19E0004F1AE /* DetailViewController.swift in Sources */,
				2BDCCEC71C33FB29009C4F25 /* AGTSimpleCoreDataStack.m in Sources */,
				2B5A5EA01C54B3B600875D97 /* LocationModel.swift in Sources */,
				2BAA38861C5838EC00A8D3DD /* PhotoController.swift in Sources */,
				2B9825F41C33E5930004F1AE /* Hacker.xcdatamodeld in Sources */,
				2B72F6C31C3B0B4600F72899 /* BookCell.swift in Sources */,
				2B9825DD1C33E19E0004F1AE /* MasterViewController.swift in Sources */,
				2B200A181C4AA11D00B79502 /* AsyncDownload.swift in Sources */,
				2B7330311C5649CE00B5730F /* NoteCollectionCell.swift in Sources */,
				2B73DBD61C5A8CF500B732F9 /* UIImage+Alpha.m in Sources */,
				2BCB7B611C37DC98008D4CBA /* JSONProcessing.swift in Sources */,
				2B9825DB1C33E19E0004F1AE /* AppDelegate.swift in Sources */,
				2BDCCEE01C352E38009C4F25 /* Defines.swift in Sources */,
				2BE083B71C3A8CC400E17827 /* _AnnotationModel.swift in Sources */,
				2BDCCECF1C3419EE009C4F25 /* PhotoModel.swift in Sources */,
				2B72F6BF1C3AD70B00F72899 /* _PdfModel.swift in Sources */,
				2BDEEB801C499F5E00C89B31 /* PdfView.swift in Sources */,
				2BE9FB281C5B8DBA000113DF /* _BookTagModel.swift in Sources */,
				2B7330281C56353800B5730F /* AGTCoreDataCollectionViewController.m in Sources */,
				2BE2A2B11C3918FF0025EE94 /* _BookModel.swift in Sources */,
				2B5A5EA21C54B46C00875D97 /* _LocationModel.swift in Sources */,
				2B73302A1C56359900B5730F /* NotesCollectionViewController.swift in Sources */,
				2BE083B91C3A8CC400E17827 /* _PhotoModel.swift in Sources */,
				2BE083BC1C3A8CD400E17827 /* AnnotationModel.swift in Sources */,
				2BDCCECD1C3419CD009C4F25 /* PdfModel.swift in Sources */,
				2B73DBD11C5A8B0700B732F9 /* UIImage+Resize.m in Sources */,
			);
			runOnlyForDeploymentPostprocessing = 0;
		};
/* End PBXSourcesBuildPhase section */

/* Begin PBXVariantGroup section */
		2B9825E01C33E19E0004F1AE /* Main.storyboard */ = {
			isa = PBXVariantGroup;
			children = (
				2B9825E11C33E19E0004F1AE /* Base */,
			);
			name = Main.storyboard;
			sourceTree = "<group>";
		};
		2B9825E51C33E19E0004F1AE /* LaunchScreen.storyboard */ = {
			isa = PBXVariantGroup;
			children = (
				2B9825E61C33E19E0004F1AE /* Base */,
			);
			name = LaunchScreen.storyboard;
			sourceTree = "<group>";
		};
/* End PBXVariantGroup section */

/* Begin XCBuildConfiguration section */
		2B9825E91C33E19E0004F1AE /* Debug */ = {
			isa = XCBuildConfiguration;
			buildSettings = {
				ALWAYS_SEARCH_USER_PATHS = NO;
				CLANG_CXX_LANGUAGE_STANDARD = "gnu++0x";
				CLANG_CXX_LIBRARY = "libc++";
				CLANG_ENABLE_MODULES = YES;
				CLANG_ENABLE_OBJC_ARC = YES;
				CLANG_WARN_BOOL_CONVERSION = YES;
				CLANG_WARN_CONSTANT_CONVERSION = YES;
				CLANG_WARN_DIRECT_OBJC_ISA_USAGE = YES_ERROR;
				CLANG_WARN_EMPTY_BODY = YES;
				CLANG_WARN_ENUM_CONVERSION = YES;
				CLANG_WARN_INT_CONVERSION = YES;
				CLANG_WARN_OBJC_ROOT_CLASS = YES_ERROR;
				CLANG_WARN_UNREACHABLE_CODE = YES;
				CLANG_WARN__DUPLICATE_METHOD_MATCH = YES;
				"CODE_SIGN_IDENTITY[sdk=iphoneos*]" = "iPhone Developer";
				COPY_PHASE_STRIP = NO;
				DEBUG_INFORMATION_FORMAT = dwarf;
				ENABLE_STRICT_OBJC_MSGSEND = YES;
				ENABLE_TESTABILITY = YES;
				GCC_C_LANGUAGE_STANDARD = gnu99;
				GCC_DYNAMIC_NO_PIC = NO;
				GCC_NO_COMMON_BLOCKS = YES;
				GCC_OPTIMIZATION_LEVEL = 0;
				GCC_PREPROCESSOR_DEFINITIONS = (
					"DEBUG=1",
					"$(inherited)",
				);
				GCC_WARN_64_TO_32_BIT_CONVERSION = YES;
				GCC_WARN_ABOUT_RETURN_TYPE = YES_ERROR;
				GCC_WARN_UNDECLARED_SELECTOR = YES;
				GCC_WARN_UNINITIALIZED_AUTOS = YES_AGGRESSIVE;
				GCC_WARN_UNUSED_FUNCTION = YES;
				GCC_WARN_UNUSED_VARIABLE = YES;
				IPHONEOS_DEPLOYMENT_TARGET = 9.2;
				MTL_ENABLE_DEBUG_INFO = YES;
				ONLY_ACTIVE_ARCH = YES;
				SDKROOT = iphoneos;
				SWIFT_OPTIMIZATION_LEVEL = "-Onone";
				TARGETED_DEVICE_FAMILY = "1,2";
			};
			name = Debug;
		};
		2B9825EA1C33E19E0004F1AE /* Release */ = {
			isa = XCBuildConfiguration;
			buildSettings = {
				ALWAYS_SEARCH_USER_PATHS = NO;
				CLANG_CXX_LANGUAGE_STANDARD = "gnu++0x";
				CLANG_CXX_LIBRARY = "libc++";
				CLANG_ENABLE_MODULES = YES;
				CLANG_ENABLE_OBJC_ARC = YES;
				CLANG_WARN_BOOL_CONVERSION = YES;
				CLANG_WARN_CONSTANT_CONVERSION = YES;
				CLANG_WARN_DIRECT_OBJC_ISA_USAGE = YES_ERROR;
				CLANG_WARN_EMPTY_BODY = YES;
				CLANG_WARN_ENUM_CONVERSION = YES;
				CLANG_WARN_INT_CONVERSION = YES;
				CLANG_WARN_OBJC_ROOT_CLASS = YES_ERROR;
				CLANG_WARN_UNREACHABLE_CODE = YES;
				CLANG_WARN__DUPLICATE_METHOD_MATCH = YES;
				"CODE_SIGN_IDENTITY[sdk=iphoneos*]" = "iPhone Developer";
				COPY_PHASE_STRIP = NO;
				DEBUG_INFORMATION_FORMAT = "dwarf-with-dsym";
				ENABLE_NS_ASSERTIONS = NO;
				ENABLE_STRICT_OBJC_MSGSEND = YES;
				GCC_C_LANGUAGE_STANDARD = gnu99;
				GCC_NO_COMMON_BLOCKS = YES;
				GCC_WARN_64_TO_32_BIT_CONVERSION = YES;
				GCC_WARN_ABOUT_RETURN_TYPE = YES_ERROR;
				GCC_WARN_UNDECLARED_SELECTOR = YES;
				GCC_WARN_UNINITIALIZED_AUTOS = YES_AGGRESSIVE;
				GCC_WARN_UNUSED_FUNCTION = YES;
				GCC_WARN_UNUSED_VARIABLE = YES;
				IPHONEOS_DEPLOYMENT_TARGET = 9.2;
				MTL_ENABLE_DEBUG_INFO = NO;
				SDKROOT = iphoneos;
				TARGETED_DEVICE_FAMILY = "1,2";
				VALIDATE_PRODUCT = YES;
			};
			name = Release;
		};
		2B9825EC1C33E19E0004F1AE /* Debug */ = {
			isa = XCBuildConfiguration;
			buildSettings = {
				ASSETCATALOG_COMPILER_APPICON_NAME = AppIcon;
				CLANG_ENABLE_MODULES = YES;
				DEFINES_MODULE = YES;
				INFOPLIST_FILE = HackerBookPro/Info.plist;
				LD_RUNPATH_SEARCH_PATHS = "$(inherited) @executable_path/Frameworks";
				PRODUCT_BUNDLE_IDENTIFIER = com.Nicatec.HackerBookPro;
				PRODUCT_NAME = "$(TARGET_NAME)";
				SWIFT_OBJC_BRIDGING_HEADER = "HackerBookPro/HackerBookPro-Bridging-Header.h";
				SWIFT_OPTIMIZATION_LEVEL = "-Onone";
			};
			name = Debug;
		};
		2B9825ED1C33E19E0004F1AE /* Release */ = {
			isa = XCBuildConfiguration;
			buildSettings = {
				ASSETCATALOG_COMPILER_APPICON_NAME = AppIcon;
				CLANG_ENABLE_MODULES = YES;
				DEFINES_MODULE = YES;
				INFOPLIST_FILE = HackerBookPro/Info.plist;
				LD_RUNPATH_SEARCH_PATHS = "$(inherited) @executable_path/Frameworks";
				PRODUCT_BUNDLE_IDENTIFIER = com.Nicatec.HackerBookPro;
				PRODUCT_NAME = "$(TARGET_NAME)";
				SWIFT_OBJC_BRIDGING_HEADER = "HackerBookPro/HackerBookPro-Bridging-Header.h";
			};
			name = Release;
		};
/* End XCBuildConfiguration section */

/* Begin XCConfigurationList section */
		2B9825D21C33E19D0004F1AE /* Build configuration list for PBXProject "HackerBookPro" */ = {
			isa = XCConfigurationList;
			buildConfigurations = (
				2B9825E91C33E19E0004F1AE /* Debug */,
				2B9825EA1C33E19E0004F1AE /* Release */,
			);
			defaultConfigurationIsVisible = 0;
			defaultConfigurationName = Release;
		};
		2B9825EB1C33E19E0004F1AE /* Build configuration list for PBXNativeTarget "HackerBookPro" */ = {
			isa = XCConfigurationList;
			buildConfigurations = (
				2B9825EC1C33E19E0004F1AE /* Debug */,
				2B9825ED1C33E19E0004F1AE /* Release */,
			);
			defaultConfigurationIsVisible = 0;
			defaultConfigurationName = Release;
		};
/* End XCConfigurationList section */

/* Begin XCVersionGroup section */
		2B9825F21C33E5930004F1AE /* Hacker.xcdatamodeld */ = {
			isa = XCVersionGroup;
			children = (
				2B9825F31C33E5930004F1AE /* Hacker.xcdatamodel */,
			);
			currentVersion = 2B9825F31C33E5930004F1AE /* Hacker.xcdatamodel */;
			path = Hacker.xcdatamodeld;
			sourceTree = "<group>";
			versionGroupType = wrapper.xcdatamodel;
		};
/* End XCVersionGroup section */
	};
	rootObject = 2B9825CF1C33E19D0004F1AE /* Project object */;
}
